// !$*UTF8*$!
{
	archiveVersion = 1;
	classes = {
	};
	objectVersion = 51;
	objects = {

/* Begin PBXBuildFile section */
		F6590AC425D039C8007862DF /* UIViewController-extensions.swift in Sources */ = {isa = PBXBuildFile; fileRef = F6590AC325D039C8007862DF /* UIViewController-extensions.swift */; };
		F667F07025CC39E5000050B6 /* AppDelegate.swift in Sources */ = {isa = PBXBuildFile; fileRef = F667F06F25CC39E5000050B6 /* AppDelegate.swift */; };
		F667F07225CC39E5000050B6 /* SceneDelegate.swift in Sources */ = {isa = PBXBuildFile; fileRef = F667F07125CC39E5000050B6 /* SceneDelegate.swift */; };
		F667F07925CC39E6000050B6 /* Assets.xcassets in Resources */ = {isa = PBXBuildFile; fileRef = F667F07825CC39E6000050B6 /* Assets.xcassets */; };
		F667F08725CC39E7000050B6 /* LoginValidationTests.swift in Sources */ = {isa = PBXBuildFile; fileRef = F667F08625CC39E7000050B6 /* LoginValidationTests.swift */; };
		F667F09225CC39E7000050B6 /* LoginValidationUITests.swift in Sources */ = {isa = PBXBuildFile; fileRef = F667F09125CC39E7000050B6 /* LoginValidationUITests.swift */; };
		F667F0C225CC41C1000050B6 /* LoginViewController.swift in Sources */ = {isa = PBXBuildFile; fileRef = F667F0C125CC41C1000050B6 /* LoginViewController.swift */; };
		F667F0CA25CC4202000050B6 /* Coordinator.swift in Sources */ = {isa = PBXBuildFile; fileRef = F667F0C925CC4202000050B6 /* Coordinator.swift */; };
		F9A5B6DB276EB87330ACCD74 /* Pods_LoginValidation.framework in Frameworks */ = {isa = PBXBuildFile; fileRef = 0BA4E7F66B11B29C81EF77BB /* Pods_LoginValidation.framework */; };
/* End PBXBuildFile section */

/* Begin PBXContainerItemProxy section */
		F667F08325CC39E6000050B6 /* PBXContainerItemProxy */ = {
			isa = PBXContainerItemProxy;
			containerPortal = F667F06425CC39E5000050B6 /* Project object */;
			proxyType = 1;
			remoteGlobalIDString = F667F06B25CC39E5000050B6;
			remoteInfo = LoginValidation;
		};
		F667F08E25CC39E7000050B6 /* PBXContainerItemProxy */ = {
			isa = PBXContainerItemProxy;
			containerPortal = F667F06425CC39E5000050B6 /* Project object */;
			proxyType = 1;
			remoteGlobalIDString = F667F06B25CC39E5000050B6;
			remoteInfo = LoginValidation;
		};
/* End PBXContainerItemProxy section */

/* Begin PBXFileReference section */
		01FBAFFD13CFCE4B1774EB42 /* Pods-LoginValidation.release.xcconfig */ = {isa = PBXFileReference; includeInIndex = 1; lastKnownFileType = text.xcconfig; name = "Pods-LoginValidation.release.xcconfig"; path = "Target Support Files/Pods-LoginValidation/Pods-LoginValidation.release.xcconfig"; sourceTree = "<group>"; };
		0BA4E7F66B11B29C81EF77BB /* Pods_LoginValidation.framework */ = {isa = PBXFileReference; explicitFileType = wrapper.framework; includeInIndex = 0; path = Pods_LoginValidation.framework; sourceTree = BUILT_PRODUCTS_DIR; };
		A4E20E94AAF6C8725202D53A /* Pods-LoginValidation.debug.xcconfig */ = {isa = PBXFileReference; includeInIndex = 1; lastKnownFileType = text.xcconfig; name = "Pods-LoginValidation.debug.xcconfig"; path = "Target Support Files/Pods-LoginValidation/Pods-LoginValidation.debug.xcconfig"; sourceTree = "<group>"; };
		F6590AC325D039C8007862DF /* UIViewController-extensions.swift */ = {isa = PBXFileReference; lastKnownFileType = sourcecode.swift; path = "UIViewController-extensions.swift"; sourceTree = "<group>"; };
		F667F06C25CC39E5000050B6 /* LoginValidation.app */ = {isa = PBXFileReference; explicitFileType = wrapper.application; includeInIndex = 0; path = LoginValidation.app; sourceTree = BUILT_PRODUCTS_DIR; };
		F667F06F25CC39E5000050B6 /* AppDelegate.swift */ = {isa = PBXFileReference; lastKnownFileType = sourcecode.swift; path = AppDelegate.swift; sourceTree = "<group>"; };
		F667F07125CC39E5000050B6 /* SceneDelegate.swift */ = {isa = PBXFileReference; lastKnownFileType = sourcecode.swift; path = SceneDelegate.swift; sourceTree = "<group>"; };
		F667F07825CC39E6000050B6 /* Assets.xcassets */ = {isa = PBXFileReference; lastKnownFileType = folder.assetcatalog; path = Assets.xcassets; sourceTree = "<group>"; };
		F667F07D25CC39E6000050B6 /* Info.plist */ = {isa = PBXFileReference; lastKnownFileType = text.plist.xml; path = Info.plist; sourceTree = "<group>"; };
		F667F08225CC39E6000050B6 /* LoginValidationTests.xctest */ = {isa = PBXFileReference; explicitFileType = wrapper.cfbundle; includeInIndex = 0; path = LoginValidationTests.xctest; sourceTree = BUILT_PRODUCTS_DIR; };
		F667F08625CC39E7000050B6 /* LoginValidationTests.swift */ = {isa = PBXFileReference; lastKnownFileType = sourcecode.swift; path = LoginValidationTests.swift; sourceTree = "<group>"; };
		F667F08825CC39E7000050B6 /* Info.plist */ = {isa = PBXFileReference; lastKnownFileType = text.plist.xml; path = Info.plist; sourceTree = "<group>"; };
		F667F08D25CC39E7000050B6 /* LoginValidationUITests.xctest */ = {isa = PBXFileReference; explicitFileType = wrapper.cfbundle; includeInIndex = 0; path = LoginValidationUITests.xctest; sourceTree = BUILT_PRODUCTS_DIR; };
		F667F09125CC39E7000050B6 /* LoginValidationUITests.swift */ = {isa = PBXFileReference; lastKnownFileType = sourcecode.swift; path = LoginValidationUITests.swift; sourceTree = "<group>"; };
		F667F09325CC39E7000050B6 /* Info.plist */ = {isa = PBXFileReference; lastKnownFileType = text.plist.xml; path = Info.plist; sourceTree = "<group>"; };
		F667F0C125CC41C1000050B6 /* LoginViewController.swift */ = {isa = PBXFileReference; lastKnownFileType = sourcecode.swift; path = LoginViewController.swift; sourceTree = "<group>"; };
		F667F0C925CC4202000050B6 /* Coordinator.swift */ = {isa = PBXFileReference; lastKnownFileType = sourcecode.swift; path = Coordinator.swift; sourceTree = "<group>"; };
/* End PBXFileReference section */

/* Begin PBXFrameworksBuildPhase section */
		F667F06925CC39E5000050B6 /* Frameworks */ = {
			isa = PBXFrameworksBuildPhase;
			buildActionMask = 2147483647;
			files = (
				F9A5B6DB276EB87330ACCD74 /* Pods_LoginValidation.framework in Frameworks */,
			);
			runOnlyForDeploymentPostprocessing = 0;
		};
		F667F07F25CC39E6000050B6 /* Frameworks */ = {
			isa = PBXFrameworksBuildPhase;
			buildActionMask = 2147483647;
			files = (
			);
			runOnlyForDeploymentPostprocessing = 0;
		};
		F667F08A25CC39E7000050B6 /* Frameworks */ = {
			isa = PBXFrameworksBuildPhase;
			buildActionMask = 2147483647;
			files = (
			);
			runOnlyForDeploymentPostprocessing = 0;
		};
/* End PBXFrameworksBuildPhase section */

/* Begin PBXGroup section */
		860D0AA1F9645F5EE3F550E1 /* Pods */ = {
			isa = PBXGroup;
			children = (
				A4E20E94AAF6C8725202D53A /* Pods-LoginValidation.debug.xcconfig */,
				01FBAFFD13CFCE4B1774EB42 /* Pods-LoginValidation.release.xcconfig */,
			);
			path = Pods;
			sourceTree = "<group>";
		};
		E7452C94BDAD3F932C3649B5 /* Frameworks */ = {
			isa = PBXGroup;
			children = (
				0BA4E7F66B11B29C81EF77BB /* Pods_LoginValidation.framework */,
			);
			name = Frameworks;
			sourceTree = "<group>";
		};
		F6590AC225D039A2007862DF /* Extensions */ = {
			isa = PBXGroup;
			children = (
				F6590AC325D039C8007862DF /* UIViewController-extensions.swift */,
			);
			path = Extensions;
			sourceTree = "<group>";
		};
		F667F06325CC39E5000050B6 = {
			isa = PBXGroup;
			children = (
				F667F06E25CC39E5000050B6 /* LoginValidation */,
				F667F08525CC39E6000050B6 /* LoginValidationTests */,
				F667F09025CC39E7000050B6 /* LoginValidationUITests */,
				F667F06D25CC39E5000050B6 /* Products */,
				860D0AA1F9645F5EE3F550E1 /* Pods */,
				E7452C94BDAD3F932C3649B5 /* Frameworks */,
			);
			sourceTree = "<group>";
		};
		F667F06D25CC39E5000050B6 /* Products */ = {
			isa = PBXGroup;
			children = (
				F667F06C25CC39E5000050B6 /* LoginValidation.app */,
				F667F08225CC39E6000050B6 /* LoginValidationTests.xctest */,
				F667F08D25CC39E7000050B6 /* LoginValidationUITests.xctest */,
			);
			name = Products;
			sourceTree = "<group>";
		};
		F667F06E25CC39E5000050B6 /* LoginValidation */ = {
			isa = PBXGroup;
			children = (
				F6590AC225D039A2007862DF /* Extensions */,
				F667F0CE25CC4334000050B6 /* AppDelegate */,
				F667F0BD25CC418E000050B6 /* Controllers */,
				F667F0C925CC4202000050B6 /* Coordinator.swift */,
				F667F0CF25CC4349000050B6 /* Resources */,
			);
			path = LoginValidation;
			sourceTree = "<group>";
		};
		F667F08525CC39E6000050B6 /* LoginValidationTests */ = {
			isa = PBXGroup;
			children = (
				F667F08625CC39E7000050B6 /* LoginValidationTests.swift */,
				F667F08825CC39E7000050B6 /* Info.plist */,
			);
			path = LoginValidationTests;
			sourceTree = "<group>";
		};
		F667F09025CC39E7000050B6 /* LoginValidationUITests */ = {
			isa = PBXGroup;
			children = (
				F667F09125CC39E7000050B6 /* LoginValidationUITests.swift */,
				F667F09325CC39E7000050B6 /* Info.plist */,
			);
			path = LoginValidationUITests;
			sourceTree = "<group>";
		};
		F667F0BD25CC418E000050B6 /* Controllers */ = {
			isa = PBXGroup;
			children = (
				F667F0C125CC41C1000050B6 /* LoginViewController.swift */,
			);
			path = Controllers;
			sourceTree = "<group>";
		};
		F667F0CE25CC4334000050B6 /* AppDelegate */ = {
			isa = PBXGroup;
			children = (
				F667F06F25CC39E5000050B6 /* AppDelegate.swift */,
				F667F07125CC39E5000050B6 /* SceneDelegate.swift */,
			);
			path = AppDelegate;
			sourceTree = "<group>";
		};
		F667F0CF25CC4349000050B6 /* Resources */ = {
			isa = PBXGroup;
			children = (
				F667F07825CC39E6000050B6 /* Assets.xcassets */,
				F667F07D25CC39E6000050B6 /* Info.plist */,
			);
			path = Resources;
			sourceTree = "<group>";
		};
/* End PBXGroup section */

/* Begin PBXNativeTarget section */
		F667F06B25CC39E5000050B6 /* LoginValidation */ = {
			isa = PBXNativeTarget;
			buildConfigurationList = F667F09625CC39E7000050B6 /* Build configuration list for PBXNativeTarget "LoginValidation" */;
			buildPhases = (
				F55BFB9EF6F8F731644DA5C6 /* [CP] Check Pods Manifest.lock */,
				F667F06825CC39E5000050B6 /* Sources */,
				F667F06925CC39E5000050B6 /* Frameworks */,
				F667F06A25CC39E5000050B6 /* Resources */,
				D6AE05C93C3E2FB66DF0C887 /* [CP] Embed Pods Frameworks */,
			);
			buildRules = (
			);
			dependencies = (
			);
			name = LoginValidation;
			productName = LoginValidation;
			productReference = F667F06C25CC39E5000050B6 /* LoginValidation.app */;
			productType = "com.apple.product-type.application";
		};
		F667F08125CC39E6000050B6 /* LoginValidationTests */ = {
			isa = PBXNativeTarget;
			buildConfigurationList = F667F09925CC39E7000050B6 /* Build configuration list for PBXNativeTarget "LoginValidationTests" */;
			buildPhases = (
				F667F07E25CC39E6000050B6 /* Sources */,
				F667F07F25CC39E6000050B6 /* Frameworks */,
				F667F08025CC39E6000050B6 /* Resources */,
			);
			buildRules = (
			);
			dependencies = (
				F667F08425CC39E6000050B6 /* PBXTargetDependency */,
			);
			name = LoginValidationTests;
			productName = LoginValidationTests;
			productReference = F667F08225CC39E6000050B6 /* LoginValidationTests.xctest */;
			productType = "com.apple.product-type.bundle.unit-test";
		};
		F667F08C25CC39E7000050B6 /* LoginValidationUITests */ = {
			isa = PBXNativeTarget;
			buildConfigurationList = F667F09C25CC39E7000050B6 /* Build configuration list for PBXNativeTarget "LoginValidationUITests" */;
			buildPhases = (
				F667F08925CC39E7000050B6 /* Sources */,
				F667F08A25CC39E7000050B6 /* Frameworks */,
				F667F08B25CC39E7000050B6 /* Resources */,
			);
			buildRules = (
			);
			dependencies = (
				F667F08F25CC39E7000050B6 /* PBXTargetDependency */,
			);
			name = LoginValidationUITests;
			productName = LoginValidationUITests;
			productReference = F667F08D25CC39E7000050B6 /* LoginValidationUITests.xctest */;
			productType = "com.apple.product-type.bundle.ui-testing";
		};
/* End PBXNativeTarget section */

/* Begin PBXProject section */
		F667F06425CC39E5000050B6 /* Project object */ = {
			isa = PBXProject;
			attributes = {
				LastSwiftUpdateCheck = 1240;
				LastUpgradeCheck = 1240;
				TargetAttributes = {
					F667F06B25CC39E5000050B6 = {
						CreatedOnToolsVersion = 12.4;
					};
					F667F08125CC39E6000050B6 = {
						CreatedOnToolsVersion = 12.4;
						TestTargetID = F667F06B25CC39E5000050B6;
					};
					F667F08C25CC39E7000050B6 = {
						CreatedOnToolsVersion = 12.4;
						TestTargetID = F667F06B25CC39E5000050B6;
					};
				};
			};
			buildConfigurationList = F667F06725CC39E5000050B6 /* Build configuration list for PBXProject "LoginValidation" */;
			compatibilityVersion = "Xcode 9.3";
			developmentRegion = en;
			hasScannedForEncodings = 0;
			knownRegions = (
				en,
				Base,
			);
			mainGroup = F667F06325CC39E5000050B6;
			productRefGroup = F667F06D25CC39E5000050B6 /* Products */;
			projectDirPath = "";
			projectRoot = "";
			targets = (
				F667F06B25CC39E5000050B6 /* LoginValidation */,
				F667F08125CC39E6000050B6 /* LoginValidationTests */,
				F667F08C25CC39E7000050B6 /* LoginValidationUITests */,
			);
		};
/* End PBXProject section */

/* Begin PBXResourcesBuildPhase section */
		F667F06A25CC39E5000050B6 /* Resources */ = {
			isa = PBXResourcesBuildPhase;
			buildActionMask = 2147483647;
			files = (
				F667F07925CC39E6000050B6 /* Assets.xcassets in Resources */,
			);
			runOnlyForDeploymentPostprocessing = 0;
		};
		F667F08025CC39E6000050B6 /* Resources */ = {
			isa = PBXResourcesBuildPhase;
			buildActionMask = 2147483647;
			files = (
			);
			runOnlyForDeploymentPostprocessing = 0;
		};
		F667F08B25CC39E7000050B6 /* Resources */ = {
			isa = PBXResourcesBuildPhase;
			buildActionMask = 2147483647;
			files = (
			);
			runOnlyForDeploymentPostprocessing = 0;
		};
/* End PBXResourcesBuildPhase section */

/* Begin PBXShellScriptBuildPhase section */
		D6AE05C93C3E2FB66DF0C887 /* [CP] Embed Pods Frameworks */ = {
			isa = PBXShellScriptBuildPhase;
			buildActionMask = 2147483647;
			files = (
			);
			inputFileListPaths = (
				"${PODS_ROOT}/Target Support Files/Pods-LoginValidation/Pods-LoginValidation-frameworks-${CONFIGURATION}-input-files.xcfilelist",
			);
			name = "[CP] Embed Pods Frameworks";
			outputFileListPaths = (
				"${PODS_ROOT}/Target Support Files/Pods-LoginValidation/Pods-LoginValidation-frameworks-${CONFIGURATION}-output-files.xcfilelist",
			);
			runOnlyForDeploymentPostprocessing = 0;
			shellPath = /bin/sh;
			shellScript = "\"${PODS_ROOT}/Target Support Files/Pods-LoginValidation/Pods-LoginValidation-frameworks.sh\"\n";
			showEnvVarsInLog = 0;
		};
		F55BFB9EF6F8F731644DA5C6 /* [CP] Check Pods Manifest.lock */ = {
			isa = PBXShellScriptBuildPhase;
			buildActionMask = 2147483647;
			files = (
			);
			inputFileListPaths = (
			);
			inputPaths = (
				"${PODS_PODFILE_DIR_PATH}/Podfile.lock",
				"${PODS_ROOT}/Manifest.lock",
			);
			name = "[CP] Check Pods Manifest.lock";
			outputFileListPaths = (
			);
			outputPaths = (
				"$(DERIVED_FILE_DIR)/Pods-LoginValidation-checkManifestLockResult.txt",
			);
			runOnlyForDeploymentPostprocessing = 0;
			shellPath = /bin/sh;
			shellScript = "diff \"${PODS_PODFILE_DIR_PATH}/Podfile.lock\" \"${PODS_ROOT}/Manifest.lock\" > /dev/null\nif [ $? != 0 ] ; then\n    # print error to STDERR\n    echo \"error: The sandbox is not in sync with the Podfile.lock. Run 'pod install' or update your CocoaPods installation.\" >&2\n    exit 1\nfi\n# This output is used by Xcode 'outputs' to avoid re-running this script phase.\necho \"SUCCESS\" > \"${SCRIPT_OUTPUT_FILE_0}\"\n";
			showEnvVarsInLog = 0;
		};
/* End PBXShellScriptBuildPhase section */

/* Begin PBXSourcesBuildPhase section */
		F667F06825CC39E5000050B6 /* Sources */ = {
			isa = PBXSourcesBuildPhase;
			buildActionMask = 2147483647;
			files = (
				F667F0CA25CC4202000050B6 /* Coordinator.swift in Sources */,
				F667F07025CC39E5000050B6 /* AppDelegate.swift in Sources */,
				F667F07225CC39E5000050B6 /* SceneDelegate.swift in Sources */,
				F6590AC425D039C8007862DF /* UIViewController-extensions.swift in Sources */,
				F667F0C225CC41C1000050B6 /* LoginViewController.swift in Sources */,
			);
			runOnlyForDeploymentPostprocessing = 0;
		};
		F667F07E25CC39E6000050B6 /* Sources */ = {
			isa = PBXSourcesBuildPhase;
			buildActionMask = 2147483647;
			files = (
				F667F08725CC39E7000050B6 /* LoginValidationTests.swift in Sources */,
			);
			runOnlyForDeploymentPostprocessing = 0;
		};
		F667F08925CC39E7000050B6 /* Sources */ = {
			isa = PBXSourcesBuildPhase;
			buildActionMask = 2147483647;
			files = (
				F667F09225CC39E7000050B6 /* LoginValidationUITests.swift in Sources */,
			);
			runOnlyForDeploymentPostprocessing = 0;
		};
/* End PBXSourcesBuildPhase section */

/* Begin PBXTargetDependency section */
		F667F08425CC39E6000050B6 /* PBXTargetDependency */ = {
			isa = PBXTargetDependency;
			target = F667F06B25CC39E5000050B6 /* LoginValidation */;
			targetProxy = F667F08325CC39E6000050B6 /* PBXContainerItemProxy */;
		};
		F667F08F25CC39E7000050B6 /* PBXTargetDependency */ = {
			isa = PBXTargetDependency;
			target = F667F06B25CC39E5000050B6 /* LoginValidation */;
			targetProxy = F667F08E25CC39E7000050B6 /* PBXContainerItemProxy */;
		};
/* End PBXTargetDependency section */

/* Begin XCBuildConfiguration section */
		F667F09425CC39E7000050B6 /* Debug */ = {
			isa = XCBuildConfiguration;
			buildSettings = {
				ALWAYS_SEARCH_USER_PATHS = NO;
				CLANG_ANALYZER_NONNULL = YES;
				CLANG_ANALYZER_NUMBER_OBJECT_CONVERSION = YES_AGGRESSIVE;
				CLANG_CXX_LANGUAGE_STANDARD = "gnu++14";
				CLANG_CXX_LIBRARY = "libc++";
				CLANG_ENABLE_MODULES = YES;
				CLANG_ENABLE_OBJC_ARC = YES;
				CLANG_ENABLE_OBJC_WEAK = YES;
				CLANG_WARN_BLOCK_CAPTURE_AUTORELEASING = YES;
				CLANG_WARN_BOOL_CONVERSION = YES;
				CLANG_WARN_COMMA = YES;
				CLANG_WARN_CONSTANT_CONVERSION = YES;
				CLANG_WARN_DEPRECATED_OBJC_IMPLEMENTATIONS = YES;
				CLANG_WARN_DIRECT_OBJC_ISA_USAGE = YES_ERROR;
				CLANG_WARN_DOCUMENTATION_COMMENTS = YES;
				CLANG_WARN_EMPTY_BODY = YES;
				CLANG_WARN_ENUM_CONVERSION = YES;
				CLANG_WARN_INFINITE_RECURSION = YES;
				CLANG_WARN_INT_CONVERSION = YES;
				CLANG_WARN_NON_LITERAL_NULL_CONVERSION = YES;
				CLANG_WARN_OBJC_IMPLICIT_RETAIN_SELF = YES;
				CLANG_WARN_OBJC_LITERAL_CONVERSION = YES;
				CLANG_WARN_OBJC_ROOT_CLASS = YES_ERROR;
				CLANG_WARN_QUOTED_INCLUDE_IN_FRAMEWORK_HEADER = YES;
				CLANG_WARN_RANGE_LOOP_ANALYSIS = YES;
				CLANG_WARN_STRICT_PROTOTYPES = YES;
				CLANG_WARN_SUSPICIOUS_MOVE = YES;
				CLANG_WARN_UNGUARDED_AVAILABILITY = YES_AGGRESSIVE;
				CLANG_WARN_UNREACHABLE_CODE = YES;
				CLANG_WARN__DUPLICATE_METHOD_MATCH = YES;
				COPY_PHASE_STRIP = NO;
				DEBUG_INFORMATION_FORMAT = dwarf;
				ENABLE_STRICT_OBJC_MSGSEND = YES;
				ENABLE_TESTABILITY = YES;
				GCC_C_LANGUAGE_STANDARD = gnu11;
				GCC_DYNAMIC_NO_PIC = NO;
				GCC_NO_COMMON_BLOCKS = YES;
				GCC_OPTIMIZATION_LEVEL = 0;
				GCC_PREPROCESSOR_DEFINITIONS = (
					"DEBUG=1",
					"$(inherited)",
				);
				GCC_WARN_64_TO_32_BIT_CONVERSION = YES;
				GCC_WARN_ABOUT_RETURN_TYPE = YES_ERROR;
				GCC_WARN_UNDECLARED_SELECTOR = YES;
				GCC_WARN_UNINITIALIZED_AUTOS = YES_AGGRESSIVE;
				GCC_WARN_UNUSED_FUNCTION = YES;
				GCC_WARN_UNUSED_VARIABLE = YES;
				IPHONEOS_DEPLOYMENT_TARGET = 14.4;
				MTL_ENABLE_DEBUG_INFO = INCLUDE_SOURCE;
				MTL_FAST_MATH = YES;
				ONLY_ACTIVE_ARCH = YES;
				SDKROOT = iphoneos;
				SWIFT_ACTIVE_COMPILATION_CONDITIONS = DEBUG;
				SWIFT_OPTIMIZATION_LEVEL = "-Onone";
			};
			name = Debug;
		};
		F667F09525CC39E7000050B6 /* Release */ = {
			isa = XCBuildConfiguration;
			buildSettings = {
				ALWAYS_SEARCH_USER_PATHS = NO;
				CLANG_ANALYZER_NONNULL = YES;
				CLANG_ANALYZER_NUMBER_OBJECT_CONVERSION = YES_AGGRESSIVE;
				CLANG_CXX_LANGUAGE_STANDARD = "gnu++14";
				CLANG_CXX_LIBRARY = "libc++";
				CLANG_ENABLE_MODULES = YES;
				CLANG_ENABLE_OBJC_ARC = YES;
				CLANG_ENABLE_OBJC_WEAK = YES;
				CLANG_WARN_BLOCK_CAPTURE_AUTORELEASING = YES;
				CLANG_WARN_BOOL_CONVERSION = YES;
				CLANG_WARN_COMMA = YES;
				CLANG_WARN_CONSTANT_CONVERSION = YES;
				CLANG_WARN_DEPRECATED_OBJC_IMPLEMENTATIONS = YES;
				CLANG_WARN_DIRECT_OBJC_ISA_USAGE = YES_ERROR;
				CLANG_WARN_DOCUMENTATION_COMMENTS = YES;
				CLANG_WARN_EMPTY_BODY = YES;
				CLANG_WARN_ENUM_CONVERSION = YES;
				CLANG_WARN_INFINITE_RECURSION = YES;
				CLANG_WARN_INT_CONVERSION = YES;
				CLANG_WARN_NON_LITERAL_NULL_CONVERSION = YES;
				CLANG_WARN_OBJC_IMPLICIT_RETAIN_SELF = YES;
				CLANG_WARN_OBJC_LITERAL_CONVERSION = YES;
				CLANG_WARN_OBJC_ROOT_CLASS = YES_ERROR;
				CLANG_WARN_QUOTED_INCLUDE_IN_FRAMEWORK_HEADER = YES;
				CLANG_WARN_RANGE_LOOP_ANALYSIS = YES;
				CLANG_WARN_STRICT_PROTOTYPES = YES;
				CLANG_WARN_SUSPICIOUS_MOVE = YES;
				CLANG_WARN_UNGUARDED_AVAILABILITY = YES_AGGRESSIVE;
				CLANG_WARN_UNREACHABLE_CODE = YES;
				CLANG_WARN__DUPLICATE_METHOD_MATCH = YES;
				COPY_PHASE_STRIP = NO;
				DEBUG_INFORMATION_FORMAT = "dwarf-with-dsym";
				ENABLE_NS_ASSERTIONS = NO;
				ENABLE_STRICT_OBJC_MSGSEND = YES;
				GCC_C_LANGUAGE_STANDARD = gnu11;
				GCC_NO_COMMON_BLOCKS = YES;
				GCC_WARN_64_TO_32_BIT_CONVERSION = YES;
				GCC_WARN_ABOUT_RETURN_TYPE = YES_ERROR;
				GCC_WARN_UNDECLARED_SELECTOR = YES;
				GCC_WARN_UNINITIALIZED_AUTOS = YES_AGGRESSIVE;
				GCC_WARN_UNUSED_FUNCTION = YES;
				GCC_WARN_UNUSED_VARIABLE = YES;
				IPHONEOS_DEPLOYMENT_TARGET = 14.4;
				MTL_ENABLE_DEBUG_INFO = NO;
				MTL_FAST_MATH = YES;
				SDKROOT = iphoneos;
				SWIFT_COMPILATION_MODE = wholemodule;
				SWIFT_OPTIMIZATION_LEVEL = "-O";
				VALIDATE_PRODUCT = YES;
			};
			name = Release;
		};
		F667F09725CC39E7000050B6 /* Debug */ = {
			isa = XCBuildConfiguration;
			baseConfigurationReference = A4E20E94AAF6C8725202D53A /* Pods-LoginValidation.debug.xcconfig */;
			buildSettings = {
				ASSETCATALOG_COMPILER_APPICON_NAME = AppIcon;
				ASSETCATALOG_COMPILER_GLOBAL_ACCENT_COLOR_NAME = AccentColor;
				CODE_SIGN_STYLE = Automatic;
				DEVELOPMENT_TEAM = E98D6ZNGDP;
				INFOPLIST_FILE = LoginValidation/Resources/Info.plist;
				LD_RUNPATH_SEARCH_PATHS = (
					"$(inherited)",
					"@executable_path/Frameworks",
				);
				PRODUCT_BUNDLE_IDENTIFIER = songwoojin.LoginValidation;
				PRODUCT_NAME = "$(TARGET_NAME)";
				SWIFT_VERSION = 5.0;
				TARGETED_DEVICE_FAMILY = "1,2";
			};
			name = Debug;
		};
		F667F09825CC39E7000050B6 /* Release */ = {
			isa = XCBuildConfiguration;
			baseConfigurationReference = 01FBAFFD13CFCE4B1774EB42 /* Pods-LoginValidation.release.xcconfig */;
			buildSettings = {
				ASSETCATALOG_COMPILER_APPICON_NAME = AppIcon;
				ASSETCATALOG_COMPILER_GLOBAL_ACCENT_COLOR_NAME = AccentColor;
				CODE_SIGN_STYLE = Automatic;
				DEVELOPMENT_TEAM = E98D6ZNGDP;
				INFOPLIST_FILE = LoginValidation/Resources/Info.plist;
				LD_RUNPATH_SEARCH_PATHS = (
					"$(inherited)",
					"@executable_path/Frameworks",
				);
				PRODUCT_BUNDLE_IDENTIFIER = songwoojin.LoginValidation;
				PRODUCT_NAME = "$(TARGET_NAME)";
				SWIFT_VERSION = 5.0;
				TARGETED_DEVICE_FAMILY = "1,2";
			};
			name = Release;
		};
		F667F09A25CC39E7000050B6 /* Debug */ = {
			isa = XCBuildConfiguration;
			buildSettings = {
				ALWAYS_EMBED_SWIFT_STANDARD_LIBRARIES = YES;
				BUNDLE_LOADER = "$(TEST_HOST)";
				CODE_SIGN_STYLE = Automatic;
				DEVELOPMENT_TEAM = E98D6ZNGDP;
				INFOPLIST_FILE = LoginValidationTests/Info.plist;
				IPHONEOS_DEPLOYMENT_TARGET = 14.4;
				LD_RUNPATH_SEARCH_PATHS = (
					"$(inherited)",
					"@executable_path/Frameworks",
					"@loader_path/Frameworks",
				);
				PRODUCT_BUNDLE_IDENTIFIER = songwoojin.LoginValidationTests;
				PRODUCT_NAME = "$(TARGET_NAME)";
				SWIFT_VERSION = 5.0;
				TARGETED_DEVICE_FAMILY = "1,2";
				TEST_HOST = "$(BUILT_PRODUCTS_DIR)/LoginValidation.app/LoginValidation";
			};
			name = Debug;
		};
		F667F09B25CC39E7000050B6 /* Release */ = {
			isa = XCBuildConfiguration;
			buildSettings = {
				ALWAYS_EMBED_SWIFT_STANDARD_LIBRARIES = YES;
				BUNDLE_LOADER = "$(TEST_HOST)";
				CODE_SIGN_STYLE = Automatic;
				DEVELOPMENT_TEAM = E98D6ZNGDP;
				INFOPLIST_FILE = LoginValidationTests/Info.plist;
				IPHONEOS_DEPLOYMENT_TARGET = 14.4;
				LD_RUNPATH_SEARCH_PATHS = (
					"$(inherited)",
					"@executable_path/Frameworks",
					"@loader_path/Frameworks",
				);
				PRODUCT_BUNDLE_IDENTIFIER = songwoojin.LoginValidationTests;
				PRODUCT_NAME = "$(TARGET_NAME)";
				SWIFT_VERSION = 5.0;
				TARGETED_DEVICE_FAMILY = "1,2";
				TEST_HOST = "$(BUILT_PRODUCTS_DIR)/LoginValidation.app/LoginValidation";
			};
			name = Release;
		};
		F667F09D25CC39E7000050B6 /* Debug */ = {
			isa = XCBuildConfiguration;
			buildSettings = {
				ALWAYS_EMBED_SWIFT_STANDARD_LIBRARIES = YES;
				CODE_SIGN_STYLE = Automatic;
				DEVELOPMENT_TEAM = E98D6ZNGDP;
				INFOPLIST_FILE = LoginValidationUITests/Info.plist;
				LD_RUNPATH_SEARCH_PATHS = (
					"$(inherited)",
					"@executable_path/Frameworks",
					"@loader_path/Frameworks",
				);
				PRODUCT_BUNDLE_IDENTIFIER = songwoojin.LoginValidationUITests;
				PRODUCT_NAME = "$(TARGET_NAME)";
				SWIFT_VERSION = 5.0;
				TARGETED_DEVICE_FAMILY = "1,2";
				TEST_TARGET_NAME = LoginValidation;
			};
			name = Debug;
		};
		F667F09E25CC39E7000050B6 /* Release */ = {
			isa = XCBuildConfiguration;
			buildSettings = {
				ALWAYS_EMBED_SWIFT_STANDARD_LIBRARIES = YES;
				CODE_SIGN_STYLE = Automatic;
				DEVELOPMENT_TEAM = E98D6ZNGDP;
				INFOPLIST_FILE = LoginValidationUITests/Info.plist;
				LD_RUNPATH_SEARCH_PATHS = (
					"$(inherited)",
					"@executable_path/Frameworks",
					"@loader_path/Frameworks",
				);
				PRODUCT_BUNDLE_IDENTIFIER = songwoojin.LoginValidationUITests;
				PRODUCT_NAME = "$(TARGET_NAME)";
				SWIFT_VERSION = 5.0;
				TARGETED_DEVICE_FAMILY = "1,2";
				TEST_TARGET_NAME = LoginValidation;
			};
			name = Release;
		};
/* End XCBuildConfiguration section */

/* Begin XCConfigurationList section */
		F667F06725CC39E5000050B6 /* Build configuration list for PBXProject "LoginValidation" */ = {
			isa = XCConfigurationList;
			buildConfigurations = (
				F667F09425CC39E7000050B6 /* Debug */,
				F667F09525CC39E7000050B6 /* Release */,
			);
			defaultConfigurationIsVisible = 0;
			defaultConfigurationName = Release;
		};
		F667F09625CC39E7000050B6 /* Build configuration list for PBXNativeTarget "LoginValidation" */ = {
			isa = XCConfigurationList;
			buildConfigurations = (
				F667F09725CC39E7000050B6 /* Debug */,
				F667F09825CC39E7000050B6 /* Release */,
			);
			defaultConfigurationIsVisible = 0;
			defaultConfigurationName = Release;
		};
		F667F09925CC39E7000050B6 /* Build configuration list for PBXNativeTarget "LoginValidationTests" */ = {
			isa = XCConfigurationList;
			buildConfigurations = (
				F667F09A25CC39E7000050B6 /* Debug */,
				F667F09B25CC39E7000050B6 /* Release */,
			);
			defaultConfigurationIsVisible = 0;
			defaultConfigurationName = Release;
		};
		F667F09C25CC39E7000050B6 /* Build configuration list for PBXNativeTarget "LoginValidationUITests" */ = {
			isa = XCConfigurationList;
			buildConfigurations = (
				F667F09D25CC39E7000050B6 /* Debug */,
				F667F09E25CC39E7000050B6 /* Release */,
			);
			defaultConfigurationIsVisible = 0;
			defaultConfigurationName = Release;
		};
/* End XCConfigurationList section */
	};
	rootObject = F667F06425CC39E5000050B6 /* Project object */;
}
